
Microsoft Visual Studio Solution File, Format Version 12.00
# Visual Studio 15
VisualStudioVersion = 15.0.28306.52
MinimumVisualStudioVersion = 10.0.40219.1
Project("{FAE04EC0-301F-11D3-BF4B-00C04F79EFBC}") = "Twitch", "Twitch\Twitch.csproj", "{9F9C48B2-493B-47E6-9B94-336C53F8F400}"
EndProject
Project("{FAE04EC0-301F-11D3-BF4B-00C04F79EFBC}") = "Client", "Client\Client.csproj", "{D2657119-FC1F-4DFC-94A4-62A3F97DEFAA}"
EndProject
Project("{FAE04EC0-301F-11D3-BF4B-00C04F79EFBC}") = "Twitch.NetStandard", "Twitch.NetStandard\Twitch.NetStandard.csproj", "{E5D82E10-460C-40ED-B2BC-C90080AE01A4}"
EndProject
Global
	GlobalSection(SolutionConfigurationPlatforms) = preSolution
		Debug|Any CPU = Debug|Any CPU
		Release|Any CPU = Release|Any CPU
	EndGlobalSection
	GlobalSection(ProjectConfigurationPlatforms) = postSolution
		{9F9C48B2-493B-47E6-9B94-336C53F8F400}.Debug|Any CPU.ActiveCfg = Debug|Any CPU
		{9F9C48B2-493B-47E6-9B94-336C53F8F400}.Debug|Any CPU.Build.0 = Debug|Any CPU
		{9F9C48B2-493B-47E6-9B94-336C53F8F400}.Release|Any CPU.ActiveCfg = Release|Any CPU
		{9F9C48B2-493B-47E6-9B94-336C53F8F400}.Release|Any CPU.Build.0 = Release|Any CPU
		{D2657119-FC1F-4DFC-94A4-62A3F97DEFAA}.Debug|Any CPU.ActiveCfg = Debug|Any CPU
		{D2657119-FC1F-4DFC-94A4-62A3F97DEFAA}.Debug|Any CPU.Build.0 = Debug|Any CPU
		{D2657119-FC1F-4DFC-94A4-62A3F97DEFAA}.Release|Any CPU.ActiveCfg = Release|Any CPU
		{D2657119-FC1F-4DFC-94A4-62A3F97DEFAA}.Release|Any CPU.Build.0 = Release|Any CPU
		{E5D82E10-460C-40ED-B2BC-C90080AE01A4}.Debug|Any CPU.ActiveCfg = Debug|Any CPU
		{E5D82E10-460C-40ED-B2BC-C90080AE01A4}.Debug|Any CPU.Build.0 = Debug|Any CPU
		{E5D82E10-460C-40ED-B2BC-C90080AE01A4}.Release|Any CPU.ActiveCfg = Release|Any CPU
		{E5D82E10-460C-40ED-B2BC-C90080AE01A4}.Release|Any CPU.Build.0 = Release|Any CPU
	EndGlobalSection
	GlobalSection(SolutionProperties) = preSolution
		HideSolutionNode = FALSE
	EndGlobalSection
	GlobalSection(ExtensibilityGlobals) = postSolution
		SolutionGuid = {59A5D584-3985-41C1-A6B2-41717C5A96CB}
	EndGlobalSection
EndGlobal
